
Microsoft Visual Studio Solution File, Format Version 12.00
# Visual Studio Version 17
VisualStudioVersion = 17.5.33424.131
MinimumVisualStudioVersion = 10.0.40219.1
Project("{FAE04EC0-301F-11D3-BF4B-00C04F79EFBC}") = "TypeGame", "TypeGame\TypeGame.csproj", "{9453DA93-95D1-4EB9-AE21-F4D4483D6598}"
EndProject
Global
	GlobalSection(SolutionConfigurationPlatforms) = preSolution
		Debug|Any CPU = Debug|Any CPU
		Release|Any CPU = Release|Any CPU
	EndGlobalSection
	GlobalSection(ProjectConfigurationPlatforms) = postSolution
		{9453DA93-95D1-4EB9-AE21-F4D4483D6598}.Debug|Any CPU.ActiveCfg = Debug|Any CPU
		{9453DA93-95D1-4EB9-AE21-F4D4483D6598}.Debug|Any CPU.Build.0 = Debug|Any CPU
		{9453DA93-95D1-4EB9-AE21-F4D4483D6598}.Release|Any CPU.ActiveCfg = Release|Any CPU
		{9453DA93-95D1-4EB9-AE21-F4D4483D6598}.Release|Any CPU.Build.0 = Release|Any CPU
	EndGlobalSection
	GlobalSection(SolutionProperties) = preSolution
		HideSolutionNode = FALSE
	EndGlobalSection
	GlobalSection(ExtensibilityGlobals) = postSolution
		SolutionGuid = {6EB52D66-7947-474A-8ADF-0BCF2F48E132}
	EndGlobalSection
EndGlobal
